// !$*UTF8*$!
{
	archiveVersion = 1;
	classes = {
	};
	objectVersion = 50;
	objects = {

/* Begin PBXBuildFile section */
		E1D1FAFE235201BD001A7071 /* AppDelegate.swift in Sources */ = {isa = PBXBuildFile; fileRef = E1D1FAFD235201BD001A7071 /* AppDelegate.swift */; };
		E1D1FB00235201BD001A7071 /* SceneDelegate.swift in Sources */ = {isa = PBXBuildFile; fileRef = E1D1FAFF235201BD001A7071 /* SceneDelegate.swift */; };
		E1D1FB02235201BD001A7071 /* NotesListViewController.swift in Sources */ = {isa = PBXBuildFile; fileRef = E1D1FB01235201BD001A7071 /* NotesListViewController.swift */; };
		E1D1FB05235201BD001A7071 /* Main.storyboard in Resources */ = {isa = PBXBuildFile; fileRef = E1D1FB03235201BD001A7071 /* Main.storyboard */; };
		E1D1FB07235201BE001A7071 /* Assets.xcassets in Resources */ = {isa = PBXBuildFile; fileRef = E1D1FB06235201BE001A7071 /* Assets.xcassets */; };
		E1D1FB0A235201BE001A7071 /* LaunchScreen.storyboard in Resources */ = {isa = PBXBuildFile; fileRef = E1D1FB08235201BE001A7071 /* LaunchScreen.storyboard */; };
		E1D1FB1423520B4D001A7071 /* CategoriesCollectionView.swift in Sources */ = {isa = PBXBuildFile; fileRef = E1D1FB1323520B4D001A7071 /* CategoriesCollectionView.swift */; };
		E1D1FB1823520C3A001A7071 /* CategoryCollectionViewCell.swift in Sources */ = {isa = PBXBuildFile; fileRef = E1D1FB1723520C3A001A7071 /* CategoryCollectionViewCell.swift */; };
		E1D1FB1B23520DB8001A7071 /* Category.swift in Sources */ = {isa = PBXBuildFile; fileRef = E1D1FB1A23520DB8001A7071 /* Category.swift */; };
		E1D1FB1F23521D4E001A7071 /* NotesTableView.swift in Sources */ = {isa = PBXBuildFile; fileRef = E1D1FB1E23521D4E001A7071 /* NotesTableView.swift */; };
		E1D1FB2123521E17001A7071 /* Note.swift in Sources */ = {isa = PBXBuildFile; fileRef = E1D1FB2023521E17001A7071 /* Note.swift */; };
		E1D1FB2323522061001A7071 /* NotesTableViewCell.swift in Sources */ = {isa = PBXBuildFile; fileRef = E1D1FB2223522061001A7071 /* NotesTableViewCell.swift */; };
		E1D1FB25235314AC001A7071 /* UIColor+theme.swift in Sources */ = {isa = PBXBuildFile; fileRef = E1D1FB24235314AC001A7071 /* UIColor+theme.swift */; };
/* End PBXBuildFile section */

/* Begin PBXFileReference section */
		E1D1FAFA235201BD001A7071 /* ReNote.app */ = {isa = PBXFileReference; explicitFileType = wrapper.application; includeInIndex = 0; path = ReNote.app; sourceTree = BUILT_PRODUCTS_DIR; };
		E1D1FAFD235201BD001A7071 /* AppDelegate.swift */ = {isa = PBXFileReference; lastKnownFileType = sourcecode.swift; path = AppDelegate.swift; sourceTree = "<group>"; };
		E1D1FAFF235201BD001A7071 /* SceneDelegate.swift */ = {isa = PBXFileReference; lastKnownFileType = sourcecode.swift; path = SceneDelegate.swift; sourceTree = "<group>"; };
		E1D1FB01235201BD001A7071 /* NotesListViewController.swift */ = {isa = PBXFileReference; lastKnownFileType = sourcecode.swift; path = NotesListViewController.swift; sourceTree = "<group>"; };
		E1D1FB04235201BD001A7071 /* Base */ = {isa = PBXFileReference; lastKnownFileType = file.storyboard; name = Base; path = Base.lproj/Main.storyboard; sourceTree = "<group>"; };
		E1D1FB06235201BE001A7071 /* Assets.xcassets */ = {isa = PBXFileReference; lastKnownFileType = folder.assetcatalog; path = Assets.xcassets; sourceTree = "<group>"; };
		E1D1FB09235201BE001A7071 /* Base */ = {isa = PBXFileReference; lastKnownFileType = file.storyboard; name = Base; path = Base.lproj/LaunchScreen.storyboard; sourceTree = "<group>"; };
		E1D1FB0B235201BE001A7071 /* Info.plist */ = {isa = PBXFileReference; lastKnownFileType = text.plist.xml; path = Info.plist; sourceTree = "<group>"; };
		E1D1FB1323520B4D001A7071 /* CategoriesCollectionView.swift */ = {isa = PBXFileReference; lastKnownFileType = sourcecode.swift; path = CategoriesCollectionView.swift; sourceTree = "<group>"; };
		E1D1FB1723520C3A001A7071 /* CategoryCollectionViewCell.swift */ = {isa = PBXFileReference; lastKnownFileType = sourcecode.swift; path = CategoryCollectionViewCell.swift; sourceTree = "<group>"; };
		E1D1FB1A23520DB8001A7071 /* Category.swift */ = {isa = PBXFileReference; lastKnownFileType = sourcecode.swift; path = Category.swift; sourceTree = "<group>"; };
		E1D1FB1E23521D4E001A7071 /* NotesTableView.swift */ = {isa = PBXFileReference; lastKnownFileType = sourcecode.swift; path = NotesTableView.swift; sourceTree = "<group>"; };
		E1D1FB2023521E17001A7071 /* Note.swift */ = {isa = PBXFileReference; lastKnownFileType = sourcecode.swift; path = Note.swift; sourceTree = "<group>"; };
		E1D1FB2223522061001A7071 /* NotesTableViewCell.swift */ = {isa = PBXFileReference; lastKnownFileType = sourcecode.swift; path = NotesTableViewCell.swift; sourceTree = "<group>"; };
		E1D1FB24235314AC001A7071 /* UIColor+theme.swift */ = {isa = PBXFileReference; lastKnownFileType = sourcecode.swift; path = "UIColor+theme.swift"; sourceTree = "<group>"; };
/* End PBXFileReference section */

/* Begin PBXFrameworksBuildPhase section */
		E1D1FAF7235201BD001A7071 /* Frameworks */ = {
			isa = PBXFrameworksBuildPhase;
			buildActionMask = 2147483647;
			files = (
			);
			runOnlyForDeploymentPostprocessing = 0;
		};
/* End PBXFrameworksBuildPhase section */

/* Begin PBXGroup section */
		E1D1FAF1235201BD001A7071 = {
			isa = PBXGroup;
			children = (
				E1D1FAFC235201BD001A7071 /* ReNote */,
				E1D1FAFB235201BD001A7071 /* Products */,
			);
			sourceTree = "<group>";
		};
		E1D1FAFB235201BD001A7071 /* Products */ = {
			isa = PBXGroup;
			children = (
				E1D1FAFA235201BD001A7071 /* ReNote.app */,
			);
			name = Products;
			sourceTree = "<group>";
		};
		E1D1FAFC235201BD001A7071 /* ReNote */ = {
			isa = PBXGroup;
			children = (
				E1D1FB1D23521D33001A7071 /* NotesTableView */,
				E1D1FB1C23521D20001A7071 /* CategoriesCollectionView */,
				E1D1FB1923520DA3001A7071 /* Model */,
				E1D1FAFD235201BD001A7071 /* AppDelegate.swift */,
				E1D1FAFF235201BD001A7071 /* SceneDelegate.swift */,
				E1D1FB01235201BD001A7071 /* NotesListViewController.swift */,
				E1D1FB03235201BD001A7071 /* Main.storyboard */,
				E1D1FB06235201BE001A7071 /* Assets.xcassets */,
				E1D1FB08235201BE001A7071 /* LaunchScreen.storyboard */,
				E1D1FB0B235201BE001A7071 /* Info.plist */,
				E1D1FB24235314AC001A7071 /* UIColor+theme.swift */,
			);
			path = ReNote;
			sourceTree = "<group>";
		};
		E1D1FB1923520DA3001A7071 /* Model */ = {
			isa = PBXGroup;
			children = (
				E1D1FB1A23520DB8001A7071 /* Category.swift */,
				E1D1FB2023521E17001A7071 /* Note.swift */,
			);
			path = Model;
			sourceTree = "<group>";
		};
		E1D1FB1C23521D20001A7071 /* CategoriesCollectionView */ = {
			isa = PBXGroup;
			children = (
				E1D1FB1323520B4D001A7071 /* CategoriesCollectionView.swift */,
				E1D1FB1723520C3A001A7071 /* CategoryCollectionViewCell.swift */,
			);
			path = CategoriesCollectionView;
			sourceTree = "<group>";
		};
		E1D1FB1D23521D33001A7071 /* NotesTableView */ = {
			isa = PBXGroup;
			children = (
				E1D1FB1E23521D4E001A7071 /* NotesTableView.swift */,
				E1D1FB2223522061001A7071 /* NotesTableViewCell.swift */,
			);
			path = NotesTableView;
			sourceTree = "<group>";
		};
/* End PBXGroup section */

/* Begin PBXNativeTarget section */
		E1D1FAF9235201BD001A7071 /* ReNote */ = {
			isa = PBXNativeTarget;
			buildConfigurationList = E1D1FB0E235201BE001A7071 /* Build configuration list for PBXNativeTarget "ReNote" */;
			buildPhases = (
				E1D1FAF6235201BD001A7071 /* Sources */,
				E1D1FAF7235201BD001A7071 /* Frameworks */,
				E1D1FAF8235201BD001A7071 /* Resources */,
			);
			buildRules = (
			);
			dependencies = (
			);
			name = ReNote;
			productName = ReNote;
			productReference = E1D1FAFA235201BD001A7071 /* ReNote.app */;
			productType = "com.apple.product-type.application";
		};
/* End PBXNativeTarget section */

/* Begin PBXProject section */
		E1D1FAF2235201BD001A7071 /* Project object */ = {
			isa = PBXProject;
			attributes = {
				LastSwiftUpdateCheck = 1110;
				LastUpgradeCheck = 1110;
				ORGANIZATIONNAME = "Vlad Eliseev";
				TargetAttributes = {
					E1D1FAF9235201BD001A7071 = {
						CreatedOnToolsVersion = 11.1;
					};
				};
			};
			buildConfigurationList = E1D1FAF5235201BD001A7071 /* Build configuration list for PBXProject "ReNote" */;
			compatibilityVersion = "Xcode 9.3";
			developmentRegion = en;
			hasScannedForEncodings = 0;
			knownRegions = (
				en,
				Base,
			);
			mainGroup = E1D1FAF1235201BD001A7071;
			productRefGroup = E1D1FAFB235201BD001A7071 /* Products */;
			projectDirPath = "";
			projectRoot = "";
			targets = (
				E1D1FAF9235201BD001A7071 /* ReNote */,
			);
		};
/* End PBXProject section */

/* Begin PBXResourcesBuildPhase section */
		E1D1FAF8235201BD001A7071 /* Resources */ = {
			isa = PBXResourcesBuildPhase;
			buildActionMask = 2147483647;
			files = (
				E1D1FB0A235201BE001A7071 /* LaunchScreen.storyboard in Resources */,
				E1D1FB07235201BE001A7071 /* Assets.xcassets in Resources */,
				E1D1FB05235201BD001A7071 /* Main.storyboard in Resources */,
			);
			runOnlyForDeploymentPostprocessing = 0;
		};
/* End PBXResourcesBuildPhase section */

/* Begin PBXSourcesBuildPhase section */
		E1D1FAF6235201BD001A7071 /* Sources */ = {
			isa = PBXSourcesBuildPhase;
			buildActionMask = 2147483647;
			files = (
				E1D1FB02235201BD001A7071 /* NotesListViewController.swift in Sources */,
				E1D1FAFE235201BD001A7071 /* AppDelegate.swift in Sources */,
				E1D1FB1423520B4D001A7071 /* CategoriesCollectionView.swift in Sources */,
				E1D1FB25235314AC001A7071 /* UIColor+theme.swift in Sources */,
				E1D1FB2123521E17001A7071 /* Note.swift in Sources */,
				E1D1FB1823520C3A001A7071 /* CategoryCollectionViewCell.swift in Sources */,
				E1D1FB00235201BD001A7071 /* SceneDelegate.swift in Sources */,
				E1D1FB1B23520DB8001A7071 /* Category.swift in Sources */,
				E1D1FB1F23521D4E001A7071 /* NotesTableView.swift in Sources */,
				E1D1FB2323522061001A7071 /* NotesTableViewCell.swift in Sources */,
			);
			runOnlyForDeploymentPostprocessing = 0;
		};
/* End PBXSourcesBuildPhase section */

/* Begin PBXVariantGroup section */
		E1D1FB03235201BD001A7071 /* Main.storyboard */ = {
			isa = PBXVariantGroup;
			children = (
				E1D1FB04235201BD001A7071 /* Base */,
			);
			name = Main.storyboard;
			sourceTree = "<group>";
		};
		E1D1FB08235201BE001A7071 /* LaunchScreen.storyboard */ = {
			isa = PBXVariantGroup;
			children = (
				E1D1FB09235201BE001A7071 /* Base */,
			);
			name = LaunchScreen.storyboard;
			sourceTree = "<group>";
		};
/* End PBXVariantGroup section */

/* Begin XCBuildConfiguration section */
		E1D1FB0C235201BE001A7071 /* Debug */ = {
			isa = XCBuildConfiguration;
			buildSettings = {
				ALWAYS_SEARCH_USER_PATHS = NO;
				CLANG_ANALYZER_NONNULL = YES;
				CLANG_ANALYZER_NUMBER_OBJECT_CONVERSION = YES_AGGRESSIVE;
				CLANG_CXX_LANGUAGE_STANDARD = "gnu++14";
				CLANG_CXX_LIBRARY = "libc++";
				CLANG_ENABLE_MODULES = YES;
				CLANG_ENABLE_OBJC_ARC = YES;
				CLANG_ENABLE_OBJC_WEAK = YES;
				CLANG_WARN_BLOCK_CAPTURE_AUTORELEASING = YES;
				CLANG_WARN_BOOL_CONVERSION = YES;
				CLANG_WARN_COMMA = YES;
				CLANG_WARN_CONSTANT_CONVERSION = YES;
				CLANG_WARN_DEPRECATED_OBJC_IMPLEMENTATIONS = YES;
				CLANG_WARN_DIRECT_OBJC_ISA_USAGE = YES_ERROR;
				CLANG_WARN_DOCUMENTATION_COMMENTS = YES;
				CLANG_WARN_EMPTY_BODY = YES;
				CLANG_WARN_ENUM_CONVERSION = YES;
				CLANG_WARN_INFINITE_RECURSION = YES;
				CLANG_WARN_INT_CONVERSION = YES;
				CLANG_WARN_NON_LITERAL_NULL_CONVERSION = YES;
				CLANG_WARN_OBJC_IMPLICIT_RETAIN_SELF = YES;
				CLANG_WARN_OBJC_LITERAL_CONVERSION = YES;
				CLANG_WARN_OBJC_ROOT_CLASS = YES_ERROR;
				CLANG_WARN_RANGE_LOOP_ANALYSIS = YES;
				CLANG_WARN_STRICT_PROTOTYPES = YES;
				CLANG_WARN_SUSPICIOUS_MOVE = YES;
				CLANG_WARN_UNGUARDED_AVAILABILITY = YES_AGGRESSIVE;
				CLANG_WARN_UNREACHABLE_CODE = YES;
				CLANG_WARN__DUPLICATE_METHOD_MATCH = YES;
				COPY_PHASE_STRIP = NO;
				DEBUG_INFORMATION_FORMAT = dwarf;
				ENABLE_STRICT_OBJC_MSGSEND = YES;
				ENABLE_TESTABILITY = YES;
				GCC_C_LANGUAGE_STANDARD = gnu11;
				GCC_DYNAMIC_NO_PIC = NO;
				GCC_NO_COMMON_BLOCKS = YES;
				GCC_OPTIMIZATION_LEVEL = 0;
				GCC_PREPROCESSOR_DEFINITIONS = (
					"DEBUG=1",
					"$(inherited)",
				);
				GCC_WARN_64_TO_32_BIT_CONVERSION = YES;
				GCC_WARN_ABOUT_RETURN_TYPE = YES_ERROR;
				GCC_WARN_UNDECLARED_SELECTOR = YES;
				GCC_WARN_UNINITIALIZED_AUTOS = YES_AGGRESSIVE;
				GCC_WARN_UNUSED_FUNCTION = YES;
				GCC_WARN_UNUSED_VARIABLE = YES;
				IPHONEOS_DEPLOYMENT_TARGET = 13.1;
				MTL_ENABLE_DEBUG_INFO = INCLUDE_SOURCE;
				MTL_FAST_MATH = YES;
				ONLY_ACTIVE_ARCH = YES;
				SDKROOT = iphoneos;
				SWIFT_ACTIVE_COMPILATION_CONDITIONS = DEBUG;
				SWIFT_OPTIMIZATION_LEVEL = "-Onone";
			};
			name = Debug;
		};
		E1D1FB0D235201BE001A7071 /* Release */ = {
			isa = XCBuildConfiguration;
			buildSettings = {
				ALWAYS_SEARCH_USER_PATHS = NO;
				CLANG_ANALYZER_NONNULL = YES;
				CLANG_ANALYZER_NUMBER_OBJECT_CONVERSION = YES_AGGRESSIVE;
				CLANG_CXX_LANGUAGE_STANDARD = "gnu++14";
				CLANG_CXX_LIBRARY = "libc++";
				CLANG_ENABLE_MODULES = YES;
				CLANG_ENABLE_OBJC_ARC = YES;
				CLANG_ENABLE_OBJC_WEAK = YES;
				CLANG_WARN_BLOCK_CAPTURE_AUTORELEASING = YES;
				CLANG_WARN_BOOL_CONVERSION = YES;
				CLANG_WARN_COMMA = YES;
				CLANG_WARN_CONSTANT_CONVERSION = YES;
				CLANG_WARN_DEPRECATED_OBJC_IMPLEMENTATIONS = YES;
				CLANG_WARN_DIRECT_OBJC_ISA_USAGE = YES_ERROR;
				CLANG_WARN_DOCUMENTATION_COMMENTS = YES;
				CLANG_WARN_EMPTY_BODY = YES;
				CLANG_WARN_ENUM_CONVERSION = YES;
				CLANG_WARN_INFINITE_RECURSION = YES;
				CLANG_WARN_INT_CONVERSION = YES;
				CLANG_WARN_NON_LITERAL_NULL_CONVERSION = YES;
				CLANG_WARN_OBJC_IMPLICIT_RETAIN_SELF = YES;
				CLANG_WARN_OBJC_LITERAL_CONVERSION = YES;
				CLANG_WARN_OBJC_ROOT_CLASS = YES_ERROR;
				CLANG_WARN_RANGE_LOOP_ANALYSIS = YES;
				CLANG_WARN_STRICT_PROTOTYPES = YES;
				CLANG_WARN_SUSPICIOUS_MOVE = YES;
				CLANG_WARN_UNGUARDED_AVAILABILITY = YES_AGGRESSIVE;
				CLANG_WARN_UNREACHABLE_CODE = YES;
				CLANG_WARN__DUPLICATE_METHOD_MATCH = YES;
				COPY_PHASE_STRIP = NO;
				DEBUG_INFORMATION_FORMAT = "dwarf-with-dsym";
				ENABLE_NS_ASSERTIONS = NO;
				ENABLE_STRICT_OBJC_MSGSEND = YES;
				GCC_C_LANGUAGE_STANDARD = gnu11;
				GCC_NO_COMMON_BLOCKS = YES;
				GCC_WARN_64_TO_32_BIT_CONVERSION = YES;
				GCC_WARN_ABOUT_RETURN_TYPE = YES_ERROR;
				GCC_WARN_UNDECLARED_SELECTOR = YES;
				GCC_WARN_UNINITIALIZED_AUTOS = YES_AGGRESSIVE;
				GCC_WARN_UNUSED_FUNCTION = YES;
				GCC_WARN_UNUSED_VARIABLE = YES;
				IPHONEOS_DEPLOYMENT_TARGET = 13.1;
				MTL_ENABLE_DEBUG_INFO = NO;
				MTL_FAST_MATH = YES;
				SDKROOT = iphoneos;
				SWIFT_COMPILATION_MODE = wholemodule;
				SWIFT_OPTIMIZATION_LEVEL = "-O";
				VALIDATE_PRODUCT = YES;
			};
			name = Release;
		};
		E1D1FB0F235201BE001A7071 /* Debug */ = {
			isa = XCBuildConfiguration;
			buildSettings = {
				ASSETCATALOG_COMPILER_APPICON_NAME = AppIcon;
				CODE_SIGN_STYLE = Automatic;
				DEVELOPMENT_TEAM = RNXT6P5KC8;
				INFOPLIST_FILE = ReNote/Info.plist;
				LD_RUNPATH_SEARCH_PATHS = (
					"$(inherited)",
					"@executable_path/Frameworks",
				);
				PRODUCT_BUNDLE_IDENTIFIER = com.VladEliseev.ReNote;
				PRODUCT_NAME = "$(TARGET_NAME)";
				SWIFT_VERSION = 5.0;
				TARGETED_DEVICE_FAMILY = "1,2";
			};
			name = Debug;
		};
		E1D1FB10235201BE001A7071 /* Release */ = {
			isa = XCBuildConfiguration;
			buildSettings = {
				ASSETCATALOG_COMPILER_APPICON_NAME = AppIcon;
				CODE_SIGN_STYLE = Automatic;
				DEVELOPMENT_TEAM = RNXT6P5KC8;
				INFOPLIST_FILE = ReNote/Info.plist;
				LD_RUNPATH_SEARCH_PATHS = (
					"$(inherited)",
					"@executable_path/Frameworks",
				);
				PRODUCT_BUNDLE_IDENTIFIER = com.VladEliseev.ReNote;
				PRODUCT_NAME = "$(TARGET_NAME)";
				SWIFT_VERSION = 5.0;
				TARGETED_DEVICE_FAMILY = "1,2";
			};
			name = Release;
		};
/* End XCBuildConfiguration section */

/* Begin XCConfigurationList section */
		E1D1FAF5235201BD001A7071 /* Build configuration list for PBXProject "ReNote" */ = {
			isa = XCConfigurationList;
			buildConfigurations = (
				E1D1FB0C235201BE001A7071 /* Debug */,
				E1D1FB0D235201BE001A7071 /* Release */,
			);
			defaultConfigurationIsVisible = 0;
			defaultConfigurationName = Release;
		};
		E1D1FB0E235201BE001A7071 /* Build configuration list for PBXNativeTarget "ReNote" */ = {
			isa = XCConfigurationList;
			buildConfigurations = (
				E1D1FB0F235201BE001A7071 /* Debug */,
				E1D1FB10235201BE001A7071 /* Release */,
			);
			defaultConfigurationIsVisible = 0;
			defaultConfigurationName = Release;
		};
/* End XCConfigurationList section */
	};
	rootObject = E1D1FAF2235201BD001A7071 /* Project object */;
}
